{
  "name": "vc-demo",
  "version": "1.0.0",
  "lockfileVersion": 3,
  "requires": true,
  "packages": {
    "": {
      "name": "vc-demo",
      "version": "1.0.0",
      "license": "ISC",
      "dependencies": {
        "@noble/secp256k1": "^2.2.3"
      }
    },
    "node_modules/@noble/secp256k1": {
      "version": "2.2.3",
      "resolved": "https://registry.npmjs.org/@noble/secp256k1/-/secp256k1-2.2.3.tgz",
      "integrity": "sha512-l7r5oEQym9Us7EAigzg30/PQAvynhMt2uoYtT3t26eGDVm9Yii5mZ5jWSWmZ/oSIR2Et0xfc6DXrG0bZ787V3w==",
      "license": "MIT",
      "funding": {
        "url": "https://paulmillr.com/funding/"
      }
    }
  }
}
